// !$*UTF8*$!
{
	archiveVersion = 1;
	classes = {
	};
	objectVersion = 50;
	objects = {

/* Begin PBXBuildFile section */
		C241D30322A5CEAC00E05F78 /* CircleImage.swift in Sources */ = {isa = PBXBuildFile; fileRef = C241D30222A5CEAC00E05F78 /* CircleImage.swift */; };
		C241D30522A5DDA100E05F78 /* MapView.swift in Sources */ = {isa = PBXBuildFile; fileRef = C241D30422A5DDA100E05F78 /* MapView.swift */; };
		C2A6356A22A5C31A005C9571 /* AppDelegate.swift in Sources */ = {isa = PBXBuildFile; fileRef = C2A6356922A5C31A005C9571 /* AppDelegate.swift */; };
		C2A6356C22A5C31A005C9571 /* SceneDelegate.swift in Sources */ = {isa = PBXBuildFile; fileRef = C2A6356B22A5C31A005C9571 /* SceneDelegate.swift */; };
		C2A6356E22A5C31A005C9571 /* ContentView.swift in Sources */ = {isa = PBXBuildFile; fileRef = C2A6356D22A5C31A005C9571 /* ContentView.swift */; };
		C2A6357022A5C31B005C9571 /* Assets.xcassets in Resources */ = {isa = PBXBuildFile; fileRef = C2A6356F22A5C31B005C9571 /* Assets.xcassets */; };
		C2A6357322A5C31B005C9571 /* Preview Assets.xcassets in Resources */ = {isa = PBXBuildFile; fileRef = C2A6357222A5C31B005C9571 /* Preview Assets.xcassets */; };
		C2A6357622A5C31B005C9571 /* LaunchScreen.storyboard in Resources */ = {isa = PBXBuildFile; fileRef = C2A6357422A5C31B005C9571 /* LaunchScreen.storyboard */; };
/* End PBXBuildFile section */

/* Begin PBXFileReference section */
		C241D30222A5CEAC00E05F78 /* CircleImage.swift */ = {isa = PBXFileReference; lastKnownFileType = sourcecode.swift; path = CircleImage.swift; sourceTree = "<group>"; };
		C241D30422A5DDA100E05F78 /* MapView.swift */ = {isa = PBXFileReference; lastKnownFileType = sourcecode.swift; path = MapView.swift; sourceTree = "<group>"; };
		C2A6356622A5C31A005C9571 /* SwiftUI-Demo.git.app */ = {isa = PBXFileReference; explicitFileType = wrapper.application; includeInIndex = 0; path = "SwiftUI-Demo.git.app"; sourceTree = BUILT_PRODUCTS_DIR; };
		C2A6356922A5C31A005C9571 /* AppDelegate.swift */ = {isa = PBXFileReference; lastKnownFileType = sourcecode.swift; path = AppDelegate.swift; sourceTree = "<group>"; };
		C2A6356B22A5C31A005C9571 /* SceneDelegate.swift */ = {isa = PBXFileReference; lastKnownFileType = sourcecode.swift; path = SceneDelegate.swift; sourceTree = "<group>"; };
		C2A6356D22A5C31A005C9571 /* ContentView.swift */ = {isa = PBXFileReference; lastKnownFileType = sourcecode.swift; path = ContentView.swift; sourceTree = "<group>"; };
		C2A6356F22A5C31B005C9571 /* Assets.xcassets */ = {isa = PBXFileReference; lastKnownFileType = folder.assetcatalog; path = Assets.xcassets; sourceTree = "<group>"; };
		C2A6357222A5C31B005C9571 /* Preview Assets.xcassets */ = {isa = PBXFileReference; lastKnownFileType = folder.assetcatalog; path = "Preview Assets.xcassets"; sourceTree = "<group>"; };
		C2A6357522A5C31B005C9571 /* Base */ = {isa = PBXFileReference; lastKnownFileType = file.storyboard; name = Base; path = Base.lproj/LaunchScreen.storyboard; sourceTree = "<group>"; };
		C2A6357722A5C31B005C9571 /* Info.plist */ = {isa = PBXFileReference; lastKnownFileType = text.plist.xml; path = Info.plist; sourceTree = "<group>"; };
/* End PBXFileReference section */

/* Begin PBXFrameworksBuildPhase section */
		C2A6356322A5C31A005C9571 /* Frameworks */ = {
			isa = PBXFrameworksBuildPhase;
			buildActionMask = 2147483647;
			files = (
			);
			runOnlyForDeploymentPostprocessing = 0;
		};
/* End PBXFrameworksBuildPhase section */

/* Begin PBXGroup section */
		C2A6355D22A5C31A005C9571 = {
			isa = PBXGroup;
			children = (
				C2A6356822A5C31A005C9571 /* SwiftUI-Demo.git */,
				C2A6356722A5C31A005C9571 /* Products */,
			);
			sourceTree = "<group>";
		};
		C2A6356722A5C31A005C9571 /* Products */ = {
			isa = PBXGroup;
			children = (
				C2A6356622A5C31A005C9571 /* SwiftUI-Demo.git.app */,
			);
			name = Products;
			sourceTree = "<group>";
		};
		C2A6356822A5C31A005C9571 /* SwiftUI-Demo.git */ = {
			isa = PBXGroup;
			children = (
				C2A6356922A5C31A005C9571 /* AppDelegate.swift */,
				C2A6356B22A5C31A005C9571 /* SceneDelegate.swift */,
				C2A6356D22A5C31A005C9571 /* ContentView.swift */,
				C2A6356F22A5C31B005C9571 /* Assets.xcassets */,
				C241D30222A5CEAC00E05F78 /* CircleImage.swift */,
				C241D30422A5DDA100E05F78 /* MapView.swift */,
				C2A6357422A5C31B005C9571 /* LaunchScreen.storyboard */,
				C2A6357722A5C31B005C9571 /* Info.plist */,
				C2A6357122A5C31B005C9571 /* Preview Content */,
			);
			path = "SwiftUI-Demo.git";
			sourceTree = "<group>";
		};
		C2A6357122A5C31B005C9571 /* Preview Content */ = {
			isa = PBXGroup;
			children = (
				C2A6357222A5C31B005C9571 /* Preview Assets.xcassets */,
			);
			path = "Preview Content";
			sourceTree = "<group>";
		};
/* End PBXGroup section */

/* Begin PBXNativeTarget section */
		C2A6356522A5C31A005C9571 /* SwiftUI-Demo.git */ = {
			isa = PBXNativeTarget;
			buildConfigurationList = C2A6357A22A5C31B005C9571 /* Build configuration list for PBXNativeTarget "SwiftUI-Demo.git" */;
			buildPhases = (
				C2A6356222A5C31A005C9571 /* Sources */,
				C2A6356322A5C31A005C9571 /* Frameworks */,
				C2A6356422A5C31A005C9571 /* Resources */,
			);
			buildRules = (
			);
			dependencies = (
			);
			name = "SwiftUI-Demo.git";
			productName = "SwiftUI-Demo.git";
			productReference = C2A6356622A5C31A005C9571 /* SwiftUI-Demo.git.app */;
			productType = "com.apple.product-type.application";
		};
/* End PBXNativeTarget section */

/* Begin PBXProject section */
		C2A6355E22A5C31A005C9571 /* Project object */ = {
			isa = PBXProject;
			attributes = {
				LastSwiftUpdateCheck = 1100;
				LastUpgradeCheck = 1100;
				ORGANIZATIONNAME = "Felix Lin";
				TargetAttributes = {
					C2A6356522A5C31A005C9571 = {
						CreatedOnToolsVersion = 11.0;
					};
				};
			};
			buildConfigurationList = C2A6356122A5C31A005C9571 /* Build configuration list for PBXProject "SwiftUI-Demo.git" */;
			compatibilityVersion = "Xcode 9.3";
			developmentRegion = en;
			hasScannedForEncodings = 0;
			knownRegions = (
				en,
				Base,
			);
			mainGroup = C2A6355D22A5C31A005C9571;
			productRefGroup = C2A6356722A5C31A005C9571 /* Products */;
			projectDirPath = "";
			projectRoot = "";
			targets = (
				C2A6356522A5C31A005C9571 /* SwiftUI-Demo.git */,
			);
		};
/* End PBXProject section */

/* Begin PBXResourcesBuildPhase section */
		C2A6356422A5C31A005C9571 /* Resources */ = {
			isa = PBXResourcesBuildPhase;
			buildActionMask = 2147483647;
			files = (
				C2A6357622A5C31B005C9571 /* LaunchScreen.storyboard in Resources */,
				C2A6357322A5C31B005C9571 /* Preview Assets.xcassets in Resources */,
				C2A6357022A5C31B005C9571 /* Assets.xcassets in Resources */,
			);
			runOnlyForDeploymentPostprocessing = 0;
		};
/* End PBXResourcesBuildPhase section */

/* Begin PBXSourcesBuildPhase section */
		C2A6356222A5C31A005C9571 /* Sources */ = {
			isa = PBXSourcesBuildPhase;
			buildActionMask = 2147483647;
			files = (
				C2A6356A22A5C31A005C9571 /* AppDelegate.swift in Sources */,
				C241D30322A5CEAC00E05F78 /* CircleImage.swift in Sources */,
				C241D30522A5DDA100E05F78 /* MapView.swift in Sources */,
				C2A6356C22A5C31A005C9571 /* SceneDelegate.swift in Sources */,
				C2A6356E22A5C31A005C9571 /* ContentView.swift in Sources */,
			);
			runOnlyForDeploymentPostprocessing = 0;
		};
/* End PBXSourcesBuildPhase section */

/* Begin PBXVariantGroup section */
		C2A6357422A5C31B005C9571 /* LaunchScreen.storyboard */ = {
			isa = PBXVariantGroup;
			children = (
				C2A6357522A5C31B005C9571 /* Base */,
			);
			name = LaunchScreen.storyboard;
			sourceTree = "<group>";
		};
/* End PBXVariantGroup section */

/* Begin XCBuildConfiguration section */
		C2A6357822A5C31B005C9571 /* Debug */ = {
			isa = XCBuildConfiguration;
			buildSettings = {
				ALWAYS_SEARCH_USER_PATHS = NO;
				CLANG_ANALYZER_NONNULL = YES;
				CLANG_ANALYZER_NUMBER_OBJECT_CONVERSION = YES_AGGRESSIVE;
				CLANG_CXX_LANGUAGE_STANDARD = "gnu++14";
				CLANG_CXX_LIBRARY = "libc++";
				CLANG_ENABLE_MODULES = YES;
				CLANG_ENABLE_OBJC_ARC = YES;
				CLANG_ENABLE_OBJC_WEAK = YES;
				CLANG_WARN_BLOCK_CAPTURE_AUTORELEASING = YES;
				CLANG_WARN_BOOL_CONVERSION = YES;
				CLANG_WARN_COMMA = YES;
				CLANG_WARN_CONSTANT_CONVERSION = YES;
				CLANG_WARN_DEPRECATED_OBJC_IMPLEMENTATIONS = YES;
				CLANG_WARN_DIRECT_OBJC_ISA_USAGE = YES_ERROR;
				CLANG_WARN_DOCUMENTATION_COMMENTS = YES;
				CLANG_WARN_EMPTY_BODY = YES;
				CLANG_WARN_ENUM_CONVERSION = YES;
				CLANG_WARN_INFINITE_RECURSION = YES;
				CLANG_WARN_INT_CONVERSION = YES;
				CLANG_WARN_NON_LITERAL_NULL_CONVERSION = YES;
				CLANG_WARN_OBJC_IMPLICIT_RETAIN_SELF = YES;
				CLANG_WARN_OBJC_LITERAL_CONVERSION = YES;
				CLANG_WARN_OBJC_ROOT_CLASS = YES_ERROR;
				CLANG_WARN_RANGE_LOOP_ANALYSIS = YES;
				CLANG_WARN_STRICT_PROTOTYPES = YES;
				CLANG_WARN_SUSPICIOUS_MOVE = YES;
				CLANG_WARN_UNGUARDED_AVAILABILITY = YES_AGGRESSIVE;
				CLANG_WARN_UNREACHABLE_CODE = YES;
				CLANG_WARN__DUPLICATE_METHOD_MATCH = YES;
				COPY_PHASE_STRIP = NO;
				DEBUG_INFORMATION_FORMAT = dwarf;
				ENABLE_STRICT_OBJC_MSGSEND = YES;
				ENABLE_TESTABILITY = YES;
				GCC_C_LANGUAGE_STANDARD = gnu11;
				GCC_DYNAMIC_NO_PIC = NO;
				GCC_NO_COMMON_BLOCKS = YES;
				GCC_OPTIMIZATION_LEVEL = 0;
				GCC_PREPROCESSOR_DEFINITIONS = (
					"DEBUG=1",
					"$(inherited)",
				);
				GCC_WARN_64_TO_32_BIT_CONVERSION = YES;
				GCC_WARN_ABOUT_RETURN_TYPE = YES_ERROR;
				GCC_WARN_UNDECLARED_SELECTOR = YES;
				GCC_WARN_UNINITIALIZED_AUTOS = YES_AGGRESSIVE;
				GCC_WARN_UNUSED_FUNCTION = YES;
				GCC_WARN_UNUSED_VARIABLE = YES;
				IPHONEOS_DEPLOYMENT_TARGET = 13.0;
				MTL_ENABLE_DEBUG_INFO = INCLUDE_SOURCE;
				MTL_FAST_MATH = YES;
				ONLY_ACTIVE_ARCH = YES;
				SDKROOT = iphoneos;
				SWIFT_ACTIVE_COMPILATION_CONDITIONS = DEBUG;
				SWIFT_OPTIMIZATION_LEVEL = "-Onone";
			};
			name = Debug;
		};
		C2A6357922A5C31B005C9571 /* Release */ = {
			isa = XCBuildConfiguration;
			buildSettings = {
				ALWAYS_SEARCH_USER_PATHS = NO;
				CLANG_ANALYZER_NONNULL = YES;
				CLANG_ANALYZER_NUMBER_OBJECT_CONVERSION = YES_AGGRESSIVE;
				CLANG_CXX_LANGUAGE_STANDARD = "gnu++14";
				CLANG_CXX_LIBRARY = "libc++";
				CLANG_ENABLE_MODULES = YES;
				CLANG_ENABLE_OBJC_ARC = YES;
				CLANG_ENABLE_OBJC_WEAK = YES;
				CLANG_WARN_BLOCK_CAPTURE_AUTORELEASING = YES;
				CLANG_WARN_BOOL_CONVERSION = YES;
				CLANG_WARN_COMMA = YES;
				CLANG_WARN_CONSTANT_CONVERSION = YES;
				CLANG_WARN_DEPRECATED_OBJC_IMPLEMENTATIONS = YES;
				CLANG_WARN_DIRECT_OBJC_ISA_USAGE = YES_ERROR;
				CLANG_WARN_DOCUMENTATION_COMMENTS = YES;
				CLANG_WARN_EMPTY_BODY = YES;
				CLANG_WARN_ENUM_CONVERSION = YES;
				CLANG_WARN_INFINITE_RECURSION = YES;
				CLANG_WARN_INT_CONVERSION = YES;
				CLANG_WARN_NON_LITERAL_NULL_CONVERSION = YES;
				CLANG_WARN_OBJC_IMPLICIT_RETAIN_SELF = YES;
				CLANG_WARN_OBJC_LITERAL_CONVERSION = YES;
				CLANG_WARN_OBJC_ROOT_CLASS = YES_ERROR;
				CLANG_WARN_RANGE_LOOP_ANALYSIS = YES;
				CLANG_WARN_STRICT_PROTOTYPES = YES;
				CLANG_WARN_SUSPICIOUS_MOVE = YES;
				CLANG_WARN_UNGUARDED_AVAILABILITY = YES_AGGRESSIVE;
				CLANG_WARN_UNREACHABLE_CODE = YES;
				CLANG_WARN__DUPLICATE_METHOD_MATCH = YES;
				COPY_PHASE_STRIP = NO;
				DEBUG_INFORMATION_FORMAT = "dwarf-with-dsym";
				ENABLE_NS_ASSERTIONS = NO;
				ENABLE_STRICT_OBJC_MSGSEND = YES;
				GCC_C_LANGUAGE_STANDARD = gnu11;
				GCC_NO_COMMON_BLOCKS = YES;
				GCC_WARN_64_TO_32_BIT_CONVERSION = YES;
				GCC_WARN_ABOUT_RETURN_TYPE = YES_ERROR;
				GCC_WARN_UNDECLARED_SELECTOR = YES;
				GCC_WARN_UNINITIALIZED_AUTOS = YES_AGGRESSIVE;
				GCC_WARN_UNUSED_FUNCTION = YES;
				GCC_WARN_UNUSED_VARIABLE = YES;
				IPHONEOS_DEPLOYMENT_TARGET = 13.0;
				MTL_ENABLE_DEBUG_INFO = NO;
				MTL_FAST_MATH = YES;
				SDKROOT = iphoneos;
				SWIFT_COMPILATION_MODE = wholemodule;
				SWIFT_OPTIMIZATION_LEVEL = "-O";
				VALIDATE_PRODUCT = YES;
			};
			name = Release;
		};
		C2A6357B22A5C31B005C9571 /* Debug */ = {
			isa = XCBuildConfiguration;
			buildSettings = {
				ASSETCATALOG_COMPILER_APPICON_NAME = AppIcon;
				CODE_SIGN_STYLE = Automatic;
				DEVELOPMENT_ASSET_PATHS = "SwiftUI-Demo.git/Preview\\ Content";
				DEVELOPMENT_TEAM = JBT5DH69DD;
				ENABLE_PREVIEWS = YES;
				INFOPLIST_FILE = "SwiftUI-Demo.git/Info.plist";
				LD_RUNPATH_SEARCH_PATHS = (
					"$(inherited)",
					"@executable_path/Frameworks",
				);
				PRODUCT_BUNDLE_IDENTIFIER = "com.felix.SwiftUI-Demo-git";
				PRODUCT_NAME = "$(TARGET_NAME)";
				SWIFT_VERSION = 5.0;
				TARGETED_DEVICE_FAMILY = "1,2";
			};
			name = Debug;
		};
		C2A6357C22A5C31B005C9571 /* Release */ = {
			isa = XCBuildConfiguration;
			buildSettings = {
				ASSETCATALOG_COMPILER_APPICON_NAME = AppIcon;
				CODE_SIGN_STYLE = Automatic;
				DEVELOPMENT_ASSET_PATHS = "SwiftUI-Demo.git/Preview\\ Content";
				DEVELOPMENT_TEAM = JBT5DH69DD;
				ENABLE_PREVIEWS = YES;
				INFOPLIST_FILE = "SwiftUI-Demo.git/Info.plist";
				LD_RUNPATH_SEARCH_PATHS = (
					"$(inherited)",
					"@executable_path/Frameworks",
				);
				PRODUCT_BUNDLE_IDENTIFIER = "com.felix.SwiftUI-Demo-git";
				PRODUCT_NAME = "$(TARGET_NAME)";
				SWIFT_VERSION = 5.0;
				TARGETED_DEVICE_FAMILY = "1,2";
			};
			name = Release;
		};
/* End XCBuildConfiguration section */

/* Begin XCConfigurationList section */
		C2A6356122A5C31A005C9571 /* Build configuration list for PBXProject "SwiftUI-Demo.git" */ = {
			isa = XCConfigurationList;
			buildConfigurations = (
				C2A6357822A5C31B005C9571 /* Debug */,
				C2A6357922A5C31B005C9571 /* Release */,
			);
			defaultConfigurationIsVisible = 0;
			defaultConfigurationName = Release;
		};
		C2A6357A22A5C31B005C9571 /* Build configuration list for PBXNativeTarget "SwiftUI-Demo.git" */ = {
			isa = XCConfigurationList;
			buildConfigurations = (
				C2A6357B22A5C31B005C9571 /* Debug */,
				C2A6357C22A5C31B005C9571 /* Release */,
			);
			defaultConfigurationIsVisible = 0;
			defaultConfigurationName = Release;
		};
/* End XCConfigurationList section */
	};
	rootObject = C2A6355E22A5C31A005C9571 /* Project object */;
}
